// !$*UTF8*$!
{
	archiveVersion = 1;
	classes = {
	};
	objectVersion = 46;
	objects = {

/* Begin PBXBuildFile section */
		7141DC7414DD7B76000F6E60 /* AppDelegate.m in Sources */ = {isa = PBXBuildFile; fileRef = 7141DC7114DD7B76000F6E60 /* AppDelegate.m */; };
		7141DC7514DD7B76000F6E60 /* MainViewController.m in Sources */ = {isa = PBXBuildFile; fileRef = 7141DC7314DD7B76000F6E60 /* MainViewController.m */; };
		7141DC7714DD7B7C000F6E60 /* MainViewController.xib in Resources */ = {isa = PBXBuildFile; fileRef = 7141DC7614DD7B7C000F6E60 /* MainViewController.xib */; };
		717C7ECA14D5878E00652156 /* icon.png in Resources */ = {isa = PBXBuildFile; fileRef = 717C7EC914D5878E00652156 /* icon.png */; };
		717C7ECD14D5879400652156 /* icon@2x.png in Resources */ = {isa = PBXBuildFile; fileRef = 717C7ECC14D5879400652156 /* icon@2x.png */; };
		717C7ECF14D587A000652156 /* Default.png in Resources */ = {isa = PBXBuildFile; fileRef = 717C7ECE14D587A000652156 /* Default.png */; };
		717C7ED114D587A800652156 /* Default@2x.png in Resources */ = {isa = PBXBuildFile; fileRef = 717C7ED014D587A800652156 /* Default@2x.png */; };
		717E364914D3124700CE9E18 /* MessageUI.framework in Frameworks */ = {isa = PBXBuildFile; fileRef = 717E364814D3124700CE9E18 /* MessageUI.framework */; };
		71E6753714D0D12C00882FE6 /* www in Resources */ = {isa = PBXBuildFile; fileRef = 71E6753614D0D12C00882FE6 /* www */; };
		71E87B5414CF588C008A73E3 /* Foundation.framework in Frameworks */ = {isa = PBXBuildFile; fileRef = 71E87B5314CF588C008A73E3 /* Foundation.framework */; };
		71E87B5614CF588C008A73E3 /* UIKit.framework in Frameworks */ = {isa = PBXBuildFile; fileRef = 71E87B5514CF588C008A73E3 /* UIKit.framework */; };
		71E87B5814CF588C008A73E3 /* CoreGraphics.framework in Frameworks */ = {isa = PBXBuildFile; fileRef = 71E87B5714CF588C008A73E3 /* CoreGraphics.framework */; };
		71E87B5A14CF588C008A73E3 /* AddressBook.framework in Frameworks */ = {isa = PBXBuildFile; fileRef = 71E87B5914CF588C008A73E3 /* AddressBook.framework */; };
		71E87B5C14CF588C008A73E3 /* AddressBookUI.framework in Frameworks */ = {isa = PBXBuildFile; fileRef = 71E87B5B14CF588C008A73E3 /* AddressBookUI.framework */; };
		71E87B5E14CF588C008A73E3 /* AudioToolbox.framework in Frameworks */ = {isa = PBXBuildFile; fileRef = 71E87B5D14CF588C008A73E3 /* AudioToolbox.framework */; };
		71E87B6014CF588C008A73E3 /* AVFoundation.framework in Frameworks */ = {isa = PBXBuildFile; fileRef = 71E87B5F14CF588C008A73E3 /* AVFoundation.framework */; };
		71E87B6214CF588C008A73E3 /* CoreLocation.framework in Frameworks */ = {isa = PBXBuildFile; fileRef = 71E87B6114CF588C008A73E3 /* CoreLocation.framework */; };
		71E87B6414CF588C008A73E3 /* MediaPlayer.framework in Frameworks */ = {isa = PBXBuildFile; fileRef = 71E87B6314CF588C008A73E3 /* MediaPlayer.framework */; };
		71E87B6614CF588C008A73E3 /* QuartzCore.framework in Frameworks */ = {isa = PBXBuildFile; fileRef = 71E87B6514CF588C008A73E3 /* QuartzCore.framework */; };
		71E87B6814CF588C008A73E3 /* SystemConfiguration.framework in Frameworks */ = {isa = PBXBuildFile; fileRef = 71E87B6714CF588C008A73E3 /* SystemConfiguration.framework */; };
		71E87B6A14CF588C008A73E3 /* MobileCoreServices.framework in Frameworks */ = {isa = PBXBuildFile; fileRef = 71E87B6914CF588C008A73E3 /* MobileCoreServices.framework */; };
		71E87B6C14CF588C008A73E3 /* CoreMedia.framework in Frameworks */ = {isa = PBXBuildFile; fileRef = 71E87B6B14CF588C008A73E3 /* CoreMedia.framework */; };
		71E87B7214CF588C008A73E3 /* InfoPlist.strings in Resources */ = {isa = PBXBuildFile; fileRef = 71E87B7014CF588C008A73E3 /* InfoPlist.strings */; };
		71E87B7414CF588C008A73E3 /* main.m in Sources */ = {isa = PBXBuildFile; fileRef = 71E87B7314CF588C008A73E3 /* main.m */; };
		71E87B7714CF588C008A73E3 /* PhoneGap.framework in Frameworks */ = {isa = PBXBuildFile; fileRef = 71E87B7614CF588C008A73E3 /* PhoneGap.framework */; };
		71E87B7C14CF588C008A73E3 /* Localizable.strings in Resources */ = {isa = PBXBuildFile; fileRef = 71E87B7A14CF588C008A73E3 /* Localizable.strings */; };
		71E87B8014CF588C008A73E3 /* Localizable.strings in Resources */ = {isa = PBXBuildFile; fileRef = 71E87B7E14CF588C008A73E3 /* Localizable.strings */; };
		71E87B8314CF588C008A73E3 /* icon.png in Resources */ = {isa = PBXBuildFile; fileRef = 71E87B8214CF588C008A73E3 /* icon.png */; };
		71E87B8514CF588C008A73E3 /* icon@2x.png in Resources */ = {isa = PBXBuildFile; fileRef = 71E87B8414CF588C008A73E3 /* icon@2x.png */; };
		71E87B8714CF588C008A73E3 /* icon-72.png in Resources */ = {isa = PBXBuildFile; fileRef = 71E87B8614CF588C008A73E3 /* icon-72.png */; };
		71E87B8A14CF588C008A73E3 /* Default.png in Resources */ = {isa = PBXBuildFile; fileRef = 71E87B8914CF588C008A73E3 /* Default.png */; };
		71E87B8C14CF588C008A73E3 /* Default@2x.png in Resources */ = {isa = PBXBuildFile; fileRef = 71E87B8B14CF588C008A73E3 /* Default@2x.png */; };
		71E87B8E14CF588C008A73E3 /* Capture.bundle in Resources */ = {isa = PBXBuildFile; fileRef = 71E87B8D14CF588C008A73E3 /* Capture.bundle */; };
		71E87B9014CF588C008A73E3 /* PhoneGap.plist in Resources */ = {isa = PBXBuildFile; fileRef = 71E87B8F14CF588C008A73E3 /* PhoneGap.plist */; };
		71E87BA014CF5977008A73E3 /* EmailComposer.m in Sources */ = {isa = PBXBuildFile; fileRef = 71E87B9E14CF5977008A73E3 /* EmailComposer.m */; };
		71E87BA114CF5977008A73E3 /* readme.md in Resources */ = {isa = PBXBuildFile; fileRef = 71E87B9F14CF5977008A73E3 /* readme.md */; };
		71E87BAA14CF597D008A73E3 /* ChildBrowser.bundle in Resources */ = {isa = PBXBuildFile; fileRef = 71E87BA314CF597D008A73E3 /* ChildBrowser.bundle */; };
		71E87BAB14CF597D008A73E3 /* ChildBrowserCommand.m in Sources */ = {isa = PBXBuildFile; fileRef = 71E87BA514CF597D008A73E3 /* ChildBrowserCommand.m */; };
		71E87BAC14CF597D008A73E3 /* ChildBrowserViewController.m in Sources */ = {isa = PBXBuildFile; fileRef = 71E87BA714CF597D008A73E3 /* ChildBrowserViewController.m */; };
		71E87BAD14CF597D008A73E3 /* ChildBrowserViewController.xib in Resources */ = {isa = PBXBuildFile; fileRef = 71E87BA814CF597D008A73E3 /* ChildBrowserViewController.xib */; };
		71E87BAE14CF597D008A73E3 /* README.txt in Resources */ = {isa = PBXBuildFile; fileRef = 71E87BA914CF597D008A73E3 /* README.txt */; };
		71E87BB214CF5984008A73E3 /* NativeControls.m in Sources */ = {isa = PBXBuildFile; fileRef = 71E87BB114CF5984008A73E3 /* NativeControls.m */; };
/* End PBXBuildFile section */

/* Begin PBXFileReference section */
		7141DC7014DD7B76000F6E60 /* AppDelegate.h */ = {isa = PBXFileReference; fileEncoding = 4; lastKnownFileType = sourcecode.c.h; name = AppDelegate.h; path = Classes/AppDelegate.h; sourceTree = "<group>"; };
		7141DC7114DD7B76000F6E60 /* AppDelegate.m */ = {isa = PBXFileReference; fileEncoding = 4; lastKnownFileType = sourcecode.c.objc; name = AppDelegate.m; path = Classes/AppDelegate.m; sourceTree = "<group>"; };
		7141DC7214DD7B76000F6E60 /* MainViewController.h */ = {isa = PBXFileReference; fileEncoding = 4; lastKnownFileType = sourcecode.c.h; name = MainViewController.h; path = Classes/MainViewController.h; sourceTree = "<group>"; };
		7141DC7314DD7B76000F6E60 /* MainViewController.m */ = {isa = PBXFileReference; fileEncoding = 4; lastKnownFileType = sourcecode.c.objc; name = MainViewController.m; path = Classes/MainViewController.m; sourceTree = "<group>"; };
		7141DC7614DD7B7C000F6E60 /* MainViewController.xib */ = {isa = PBXFileReference; fileEncoding = 4; lastKnownFileType = file.xib; name = MainViewController.xib; path = Classes/MainViewController.xib; sourceTree = "<group>"; };
		717C7EC914D5878E00652156 /* icon.png */ = {isa = PBXFileReference; lastKnownFileType = image.png; path = icon.png; sourceTree = "<group>"; };
		717C7ECC14D5879400652156 /* icon@2x.png */ = {isa = PBXFileReference; lastKnownFileType = image.png; path = "icon@2x.png"; sourceTree = "<group>"; };
		717C7ECE14D587A000652156 /* Default.png */ = {isa = PBXFileReference; lastKnownFileType = image.png; path = Default.png; sourceTree = "<group>"; };
		717C7ED014D587A800652156 /* Default@2x.png */ = {isa = PBXFileReference; lastKnownFileType = image.png; path = "Default@2x.png"; sourceTree = "<group>"; };
		717E364814D3124700CE9E18 /* MessageUI.framework */ = {isa = PBXFileReference; lastKnownFileType = wrapper.framework; name = MessageUI.framework; path = System/Library/Frameworks/MessageUI.framework; sourceTree = SDKROOT; };
		71E6753614D0D12C00882FE6 /* www */ = {isa = PBXFileReference; lastKnownFileType = folder; path = www; sourceTree = "<group>"; };
		71E87B4F14CF588C008A73E3 /* BooneTransit.app */ = {isa = PBXFileReference; explicitFileType = wrapper.application; includeInIndex = 0; path = BooneTransit.app; sourceTree = BUILT_PRODUCTS_DIR; };
		71E87B5314CF588C008A73E3 /* Foundation.framework */ = {isa = PBXFileReference; lastKnownFileType = wrapper.framework; name = Foundation.framework; path = System/Library/Frameworks/Foundation.framework; sourceTree = SDKROOT; };
		71E87B5514CF588C008A73E3 /* UIKit.framework */ = {isa = PBXFileReference; lastKnownFileType = wrapper.framework; name = UIKit.framework; path = System/Library/Frameworks/UIKit.framework; sourceTree = SDKROOT; };
		71E87B5714CF588C008A73E3 /* CoreGraphics.framework */ = {isa = PBXFileReference; lastKnownFileType = wrapper.framework; name = CoreGraphics.framework; path = System/Library/Frameworks/CoreGraphics.framework; sourceTree = SDKROOT; };
		71E87B5914CF588C008A73E3 /* AddressBook.framework */ = {isa = PBXFileReference; lastKnownFileType = wrapper.framework; name = AddressBook.framework; path = System/Library/Frameworks/AddressBook.framework; sourceTree = SDKROOT; };
		71E87B5B14CF588C008A73E3 /* AddressBookUI.framework */ = {isa = PBXFileReference; lastKnownFileType = wrapper.framework; name = AddressBookUI.framework; path = System/Library/Frameworks/AddressBookUI.framework; sourceTree = SDKROOT; };
		71E87B5D14CF588C008A73E3 /* AudioToolbox.framework */ = {isa = PBXFileReference; lastKnownFileType = wrapper.framework; name = AudioToolbox.framework; path = System/Library/Frameworks/AudioToolbox.framework; sourceTree = SDKROOT; };
		71E87B5F14CF588C008A73E3 /* AVFoundation.framework */ = {isa = PBXFileReference; lastKnownFileType = wrapper.framework; name = AVFoundation.framework; path = System/Library/Frameworks/AVFoundation.framework; sourceTree = SDKROOT; };
		71E87B6114CF588C008A73E3 /* CoreLocation.framework */ = {isa = PBXFileReference; lastKnownFileType = wrapper.framework; name = CoreLocation.framework; path = System/Library/Frameworks/CoreLocation.framework; sourceTree = SDKROOT; };
		71E87B6314CF588C008A73E3 /* MediaPlayer.framework */ = {isa = PBXFileReference; lastKnownFileType = wrapper.framework; name = MediaPlayer.framework; path = System/Library/Frameworks/MediaPlayer.framework; sourceTree = SDKROOT; };
		71E87B6514CF588C008A73E3 /* QuartzCore.framework */ = {isa = PBXFileReference; lastKnownFileType = wrapper.framework; name = QuartzCore.framework; path = System/Library/Frameworks/QuartzCore.framework; sourceTree = SDKROOT; };
		71E87B6714CF588C008A73E3 /* SystemConfiguration.framework */ = {isa = PBXFileReference; lastKnownFileType = wrapper.framework; name = SystemConfiguration.framework; path = System/Library/Frameworks/SystemConfiguration.framework; sourceTree = SDKROOT; };
		71E87B6914CF588C008A73E3 /* MobileCoreServices.framework */ = {isa = PBXFileReference; lastKnownFileType = wrapper.framework; name = MobileCoreServices.framework; path = System/Library/Frameworks/MobileCoreServices.framework; sourceTree = SDKROOT; };
		71E87B6B14CF588C008A73E3 /* CoreMedia.framework */ = {isa = PBXFileReference; lastKnownFileType = wrapper.framework; name = CoreMedia.framework; path = System/Library/Frameworks/CoreMedia.framework; sourceTree = SDKROOT; };
		71E87B6F14CF588C008A73E3 /* BooneTransit-Info.plist */ = {isa = PBXFileReference; lastKnownFileType = text.plist.xml; path = "BooneTransit-Info.plist"; sourceTree = "<group>"; };
		71E87B7114CF588C008A73E3 /* en */ = {isa = PBXFileReference; lastKnownFileType = text.plist.strings; name = en; path = en.lproj/InfoPlist.strings; sourceTree = "<group>"; };
		71E87B7314CF588C008A73E3 /* main.m */ = {isa = PBXFileReference; lastKnownFileType = sourcecode.c.objc; path = main.m; sourceTree = "<group>"; };
		71E87B7514CF588C008A73E3 /* BooneTransit-Prefix.pch */ = {isa = PBXFileReference; lastKnownFileType = sourcecode.c.h; path = "BooneTransit-Prefix.pch"; sourceTree = "<group>"; };
		71E87B7614CF588C008A73E3 /* PhoneGap.framework */ = {isa = PBXFileReference; lastKnownFileType = wrapper.framework; name = PhoneGap.framework; path = /Users/Shared/PhoneGap/Frameworks/PhoneGap.framework; sourceTree = "<absolute>"; };
		71E87B7B14CF588C008A73E3 /* en */ = {isa = PBXFileReference; lastKnownFileType = text.plist.strings; name = en; path = Resources/en.lproj/Localizable.strings; sourceTree = "<group>"; };
		71E87B7F14CF588C008A73E3 /* es */ = {isa = PBXFileReference; lastKnownFileType = text.plist.strings; name = es; path = Resources/es.lproj/Localizable.strings; sourceTree = "<group>"; };
		71E87B8214CF588C008A73E3 /* icon.png */ = {isa = PBXFileReference; lastKnownFileType = image.png; name = icon.png; path = Resources/icons/icon.png; sourceTree = "<group>"; };
		71E87B8414CF588C008A73E3 /* icon@2x.png */ = {isa = PBXFileReference; lastKnownFileType = image.png; name = "icon@2x.png"; path = "Resources/icons/icon@2x.png"; sourceTree = "<group>"; };
		71E87B8614CF588C008A73E3 /* icon-72.png */ = {isa = PBXFileReference; lastKnownFileType = image.png; name = "icon-72.png"; path = "Resources/icons/icon-72.png"; sourceTree = "<group>"; };
		71E87B8914CF588C008A73E3 /* Default.png */ = {isa = PBXFileReference; lastKnownFileType = image.png; name = Default.png; path = Resources/splash/Default.png; sourceTree = "<group>"; };
		71E87B8B14CF588C008A73E3 /* Default@2x.png */ = {isa = PBXFileReference; lastKnownFileType = image.png; name = "Default@2x.png"; path = "Resources/splash/Default@2x.png"; sourceTree = "<group>"; };
		71E87B8D14CF588C008A73E3 /* Capture.bundle */ = {isa = PBXFileReference; lastKnownFileType = "wrapper.plug-in"; name = Capture.bundle; path = Resources/Capture.bundle; sourceTree = "<group>"; };
		71E87B8F14CF588C008A73E3 /* PhoneGap.plist */ = {isa = PBXFileReference; lastKnownFileType = text.plist.xml; path = PhoneGap.plist; sourceTree = "<group>"; };
		71E87B9614CF588C008A73E3 /* README */ = {isa = PBXFileReference; lastKnownFileType = text; name = README; path = Plugins/README; sourceTree = "<group>"; };
		71E87B9D14CF5977008A73E3 /* EmailComposer.h */ = {isa = PBXFileReference; fileEncoding = 4; lastKnownFileType = sourcecode.c.h; path = EmailComposer.h; sourceTree = "<group>"; };
		71E87B9E14CF5977008A73E3 /* EmailComposer.m */ = {isa = PBXFileReference; fileEncoding = 4; lastKnownFileType = sourcecode.c.objc; path = EmailComposer.m; sourceTree = "<group>"; };
		71E87B9F14CF5977008A73E3 /* readme.md */ = {isa = PBXFileReference; fileEncoding = 4; lastKnownFileType = text; path = readme.md; sourceTree = "<group>"; };
		71E87BA314CF597D008A73E3 /* ChildBrowser.bundle */ = {isa = PBXFileReference; lastKnownFileType = "wrapper.plug-in"; name = ChildBrowser.bundle; path = ChildBrowser/ChildBrowser.bundle; sourceTree = "<group>"; };
		71E87BA414CF597D008A73E3 /* ChildBrowserCommand.h */ = {isa = PBXFileReference; fileEncoding = 4; lastKnownFileType = sourcecode.c.h; path = ChildBrowserCommand.h; sourceTree = "<group>"; };
		71E87BA514CF597D008A73E3 /* ChildBrowserCommand.m */ = {isa = PBXFileReference; fileEncoding = 4; lastKnownFileType = sourcecode.c.objc; path = ChildBrowserCommand.m; sourceTree = "<group>"; };
		71E87BA614CF597D008A73E3 /* ChildBrowserViewController.h */ = {isa = PBXFileReference; fileEncoding = 4; lastKnownFileType = sourcecode.c.h; path = ChildBrowserViewController.h; sourceTree = "<group>"; };
		71E87BA714CF597D008A73E3 /* ChildBrowserViewController.m */ = {isa = PBXFileReference; fileEncoding = 4; lastKnownFileType = sourcecode.c.objc; path = ChildBrowserViewController.m; sourceTree = "<group>"; };
		71E87BA814CF597D008A73E3 /* ChildBrowserViewController.xib */ = {isa = PBXFileReference; fileEncoding = 4; lastKnownFileType = file.xib; path = ChildBrowserViewController.xib; sourceTree = "<group>"; };
		71E87BA914CF597D008A73E3 /* README.txt */ = {isa = PBXFileReference; fileEncoding = 4; lastKnownFileType = text; path = README.txt; sourceTree = "<group>"; };
		71E87BB014CF5984008A73E3 /* NativeControls.h */ = {isa = PBXFileReference; fileEncoding = 4; lastKnownFileType = sourcecode.c.h; path = NativeControls.h; sourceTree = "<group>"; };
		71E87BB114CF5984008A73E3 /* NativeControls.m */ = {isa = PBXFileReference; fileEncoding = 4; lastKnownFileType = sourcecode.c.objc; path = NativeControls.m; sourceTree = "<group>"; };
/* End PBXFileReference section */

/* Begin PBXFrameworksBuildPhase section */
		71E87B4914CF588C008A73E3 /* Frameworks */ = {
			isa = PBXFrameworksBuildPhase;
			buildActionMask = 2147483647;
			files = (
				717E364914D3124700CE9E18 /* MessageUI.framework in Frameworks */,
				71E87B5414CF588C008A73E3 /* Foundation.framework in Frameworks */,
				71E87B5614CF588C008A73E3 /* UIKit.framework in Frameworks */,
				71E87B5814CF588C008A73E3 /* CoreGraphics.framework in Frameworks */,
				71E87B5A14CF588C008A73E3 /* AddressBook.framework in Frameworks */,
				71E87B5C14CF588C008A73E3 /* AddressBookUI.framework in Frameworks */,
				71E87B5E14CF588C008A73E3 /* AudioToolbox.framework in Frameworks */,
				71E87B6014CF588C008A73E3 /* AVFoundation.framework in Frameworks */,
				71E87B6214CF588C008A73E3 /* CoreLocation.framework in Frameworks */,
				71E87B6414CF588C008A73E3 /* MediaPlayer.framework in Frameworks */,
				71E87B6614CF588C008A73E3 /* QuartzCore.framework in Frameworks */,
				71E87B6814CF588C008A73E3 /* SystemConfiguration.framework in Frameworks */,
				71E87B6A14CF588C008A73E3 /* MobileCoreServices.framework in Frameworks */,
				71E87B6C14CF588C008A73E3 /* CoreMedia.framework in Frameworks */,
				71E87B7714CF588C008A73E3 /* PhoneGap.framework in Frameworks */,
			);
			runOnlyForDeploymentPostprocessing = 0;
		};
		71E87B4C14CF588C008A73E3 /* Frameworks */ = {
			isa = PBXFrameworksBuildPhase;
			buildActionMask = 2147483647;
			files = (
			);
			runOnlyForDeploymentPostprocessing = 0;
		};
/* End PBXFrameworksBuildPhase section */

/* Begin PBXGroup section */
		71E87B4114CF588B008A73E3 = {
			isa = PBXGroup;
			children = (
				717C7ED014D587A800652156 /* Default@2x.png */,
				717C7ECE14D587A000652156 /* Default.png */,
				717C7ECC14D5879400652156 /* icon@2x.png */,
				717C7EC914D5878E00652156 /* icon.png */,
				717E364814D3124700CE9E18 /* MessageUI.framework */,
				71E6753614D0D12C00882FE6 /* www */,
				71E87B6D14CF588C008A73E3 /* BooneTransit */,
				71E87B5214CF588C008A73E3 /* Frameworks */,
				71E87B5014CF588C008A73E3 /* Products */,
			);
			sourceTree = "<group>";
		};
		71E87B5014CF588C008A73E3 /* Products */ = {
			isa = PBXGroup;
			children = (
				71E87B4F14CF588C008A73E3 /* BooneTransit.app */,
			);
			name = Products;
			sourceTree = "<group>";
		};
		71E87B5214CF588C008A73E3 /* Frameworks */ = {
			isa = PBXGroup;
			children = (
				71E87B5314CF588C008A73E3 /* Foundation.framework */,
				71E87B5514CF588C008A73E3 /* UIKit.framework */,
				71E87B5714CF588C008A73E3 /* CoreGraphics.framework */,
				71E87B5914CF588C008A73E3 /* AddressBook.framework */,
				71E87B5B14CF588C008A73E3 /* AddressBookUI.framework */,
				71E87B5D14CF588C008A73E3 /* AudioToolbox.framework */,
				71E87B5F14CF588C008A73E3 /* AVFoundation.framework */,
				71E87B6114CF588C008A73E3 /* CoreLocation.framework */,
				71E87B6314CF588C008A73E3 /* MediaPlayer.framework */,
				71E87B6514CF588C008A73E3 /* QuartzCore.framework */,
				71E87B6714CF588C008A73E3 /* SystemConfiguration.framework */,
				71E87B6914CF588C008A73E3 /* MobileCoreServices.framework */,
				71E87B6B14CF588C008A73E3 /* CoreMedia.framework */,
			);
			name = Frameworks;
			sourceTree = "<group>";
		};
		71E87B6D14CF588C008A73E3 /* BooneTransit */ = {
			isa = PBXGroup;
			children = (
				71E87B7614CF588C008A73E3 /* PhoneGap.framework */,
				71E87B7814CF588C008A73E3 /* Resources */,
				71E87B9114CF588C008A73E3 /* Classes */,
				71E87B9514CF588C008A73E3 /* Plugins */,
				71E87B6E14CF588C008A73E3 /* Supporting Files */,
			);
			path = BooneTransit;
			sourceTree = "<group>";
		};
		71E87B6E14CF588C008A73E3 /* Supporting Files */ = {
			isa = PBXGroup;
			children = (
				7141DC7614DD7B7C000F6E60 /* MainViewController.xib */,
				71E87B6F14CF588C008A73E3 /* BooneTransit-Info.plist */,
				71E87B7014CF588C008A73E3 /* InfoPlist.strings */,
				71E87B7314CF588C008A73E3 /* main.m */,
				71E87B7514CF588C008A73E3 /* BooneTransit-Prefix.pch */,
				71E87B8F14CF588C008A73E3 /* PhoneGap.plist */,
			);
			name = "Supporting Files";
			sourceTree = "<group>";
		};
		71E87B7814CF588C008A73E3 /* Resources */ = {
			isa = PBXGroup;
			children = (
				71E87BA314CF597D008A73E3 /* ChildBrowser.bundle */,
				71E87B8D14CF588C008A73E3 /* Capture.bundle */,
				71E87B7914CF588C008A73E3 /* en.lproj */,
				71E87B7D14CF588C008A73E3 /* es.lproj */,
				71E87B8114CF588C008A73E3 /* icons */,
				71E87B8814CF588C008A73E3 /* splash */,
			);
			name = Resources;
			sourceTree = "<group>";
		};
		71E87B7914CF588C008A73E3 /* en.lproj */ = {
			isa = PBXGroup;
			children = (
				71E87B7A14CF588C008A73E3 /* Localizable.strings */,
			);
			name = en.lproj;
			sourceTree = "<group>";
		};
		71E87B7D14CF588C008A73E3 /* es.lproj */ = {
			isa = PBXGroup;
			children = (
				71E87B7E14CF588C008A73E3 /* Localizable.strings */,
			);
			name = es.lproj;
			sourceTree = "<group>";
		};
		71E87B8114CF588C008A73E3 /* icons */ = {
			isa = PBXGroup;
			children = (
				71E87B8214CF588C008A73E3 /* icon.png */,
				71E87B8414CF588C008A73E3 /* icon@2x.png */,
				71E87B8614CF588C008A73E3 /* icon-72.png */,
			);
			name = icons;
			sourceTree = "<group>";
		};
		71E87B8814CF588C008A73E3 /* splash */ = {
			isa = PBXGroup;
			children = (
				71E87B8914CF588C008A73E3 /* Default.png */,
				71E87B8B14CF588C008A73E3 /* Default@2x.png */,
			);
			name = splash;
			sourceTree = "<group>";
		};
		71E87B9114CF588C008A73E3 /* Classes */ = {
			isa = PBXGroup;
			children = (
				7141DC7014DD7B76000F6E60 /* AppDelegate.h */,
				7141DC7114DD7B76000F6E60 /* AppDelegate.m */,
				7141DC7214DD7B76000F6E60 /* MainViewController.h */,
				7141DC7314DD7B76000F6E60 /* MainViewController.m */,
			);
			name = Classes;
			sourceTree = "<group>";
		};
		71E87B9514CF588C008A73E3 /* Plugins */ = {
			isa = PBXGroup;
			children = (
				71E87BAF14CF5984008A73E3 /* NativeControls */,
				71E87BA214CF597D008A73E3 /* ChildBrowser */,
				71E87B9C14CF5977008A73E3 /* EmailComposer */,
				71E87B9614CF588C008A73E3 /* README */,
			);
			name = Plugins;
			sourceTree = "<group>";
		};
		71E87B9C14CF5977008A73E3 /* EmailComposer */ = {
			isa = PBXGroup;
			children = (
				71E87B9D14CF5977008A73E3 /* EmailComposer.h */,
				71E87B9E14CF5977008A73E3 /* EmailComposer.m */,
				71E87B9F14CF5977008A73E3 /* readme.md */,
			);
			path = EmailComposer;
			sourceTree = "<group>";
		};
		71E87BA214CF597D008A73E3 /* ChildBrowser */ = {
			isa = PBXGroup;
			children = (
				71E87BA414CF597D008A73E3 /* ChildBrowserCommand.h */,
				71E87BA514CF597D008A73E3 /* ChildBrowserCommand.m */,
				71E87BA614CF597D008A73E3 /* ChildBrowserViewController.h */,
				71E87BA714CF597D008A73E3 /* ChildBrowserViewController.m */,
				71E87BA814CF597D008A73E3 /* ChildBrowserViewController.xib */,
				71E87BA914CF597D008A73E3 /* README.txt */,
			);
			path = ChildBrowser;
			sourceTree = "<group>";
		};
		71E87BAF14CF5984008A73E3 /* NativeControls */ = {
			isa = PBXGroup;
			children = (
				71E87BB014CF5984008A73E3 /* NativeControls.h */,
				71E87BB114CF5984008A73E3 /* NativeControls.m */,
			);
			path = NativeControls;
			sourceTree = "<group>";
		};
/* End PBXGroup section */

/* Begin PBXNativeTarget section */
		71E87B4E14CF588C008A73E3 /* BooneTransit */ = {
			isa = PBXNativeTarget;
			buildConfigurationList = 71E87B9914CF588C008A73E3 /* Build configuration list for PBXNativeTarget "BooneTransit" */;
			buildPhases = (
				71E87B4814CF588C008A73E3 /* Sources */,
				71E87B4914CF588C008A73E3 /* Frameworks */,
				71E87B4A14CF588C008A73E3 /* Resources */,
				71E87B4B14CF588C008A73E3 /* Sources */,
				71E87B4C14CF588C008A73E3 /* Frameworks */,
				71E87B4D14CF588C008A73E3 /* ShellScript */,
			);
			buildRules = (
			);
			dependencies = (
			);
			name = BooneTransit;
			productName = BooneTransit;
			productReference = 71E87B4F14CF588C008A73E3 /* BooneTransit.app */;
			productType = "com.apple.product-type.application";
		};
/* End PBXNativeTarget section */

/* Begin PBXProject section */
		71E87B4314CF588B008A73E3 /* Project object */ = {
			isa = PBXProject;
			attributes = {
				LastUpgradeCheck = 0420;
				ORGANIZATIONNAME = openMindShare;
			};
			buildConfigurationList = 71E87B4614CF588B008A73E3 /* Build configuration list for PBXProject "BooneTransit" */;
			compatibilityVersion = "Xcode 3.2";
			developmentRegion = English;
			hasScannedForEncodings = 0;
			knownRegions = (
				en,
				es,
			);
			mainGroup = 71E87B4114CF588B008A73E3;
			productRefGroup = 71E87B5014CF588C008A73E3 /* Products */;
			projectDirPath = "";
			projectRoot = "";
			targets = (
				71E87B4E14CF588C008A73E3 /* BooneTransit */,
			);
		};
/* End PBXProject section */

/* Begin PBXResourcesBuildPhase section */
		71E87B4A14CF588C008A73E3 /* Resources */ = {
			isa = PBXResourcesBuildPhase;
			buildActionMask = 2147483647;
			files = (
				71E87B7214CF588C008A73E3 /* InfoPlist.strings in Resources */,
				71E87B7C14CF588C008A73E3 /* Localizable.strings in Resources */,
				71E87B8014CF588C008A73E3 /* Localizable.strings in Resources */,
				71E87B8314CF588C008A73E3 /* icon.png in Resources */,
				71E87B8514CF588C008A73E3 /* icon@2x.png in Resources */,
				71E87B8714CF588C008A73E3 /* icon-72.png in Resources */,
				71E87B8A14CF588C008A73E3 /* Default.png in Resources */,
				71E87B8C14CF588C008A73E3 /* Default@2x.png in Resources */,
				71E87B8E14CF588C008A73E3 /* Capture.bundle in Resources */,
				71E87B9014CF588C008A73E3 /* PhoneGap.plist in Resources */,
				71E87BA114CF5977008A73E3 /* readme.md in Resources */,
				71E87BAA14CF597D008A73E3 /* ChildBrowser.bundle in Resources */,
				71E87BAD14CF597D008A73E3 /* ChildBrowserViewController.xib in Resources */,
				71E87BAE14CF597D008A73E3 /* README.txt in Resources */,
				71E6753714D0D12C00882FE6 /* www in Resources */,
				717C7ECA14D5878E00652156 /* icon.png in Resources */,
				717C7ECD14D5879400652156 /* icon@2x.png in Resources */,
				717C7ECF14D587A000652156 /* Default.png in Resources */,
				717C7ED114D587A800652156 /* Default@2x.png in Resources */,
				7141DC7714DD7B7C000F6E60 /* MainViewController.xib in Resources */,
			);
			runOnlyForDeploymentPostprocessing = 0;
		};
/* End PBXResourcesBuildPhase section */

/* Begin PBXShellScriptBuildPhase section */
		71E87B4D14CF588C008A73E3 /* ShellScript */ = {
			isa = PBXShellScriptBuildPhase;
			buildActionMask = 2147483647;
			files = (
			);
			inputPaths = (
			);
			outputPaths = (
			);
			runOnlyForDeploymentPostprocessing = 0;
			shellPath = /bin/bash;
			shellScript = "\n\t\t\t\t\t\t\t\tif [ ! -d \"$PROJECT_DIR/www\" ] ; then\n\t\t\t\t\t\t\t\t\tcp -R /Users/Shared/PhoneGap/Frameworks/PhoneGap.framework/www \"$PROJECT_DIR\"\n\t\t\t\t\t\t\t\tfi\n\t\t\t\t\t\t\t\t# detect www folder reference in project, if missing, print warning\n\t\t\t\t\t\t\t\tgrep \"{isa = PBXFileReference; lastKnownFileType = folder; path = www; sourceTree = \\\"<group>\\\"; };\" \"$PROJECT_DIR/$PROJECT_NAME.xcodeproj/project.pbxproj\"\n\t\t\t\t\t\t\t\trc=$? \n\t\t\t\t\t\t\t\tif [ $rc != 0 ] ; then\n\t\t\t\t\t\t\t\techo -e \"warning: Missing - Add $PROJECT_DIR/www as a folder reference in your project. Just drag and drop the folder into your project, into the Project Navigator of Xcode 4. Make sure you select the second radio-button: 'Create folder references for any added folders' (which will create a blue folder)\" 1>&2\n\t\t\t\t\t\t\t\tfi\t\t\t\t\t\t\t";
		};
/* End PBXShellScriptBuildPhase section */

/* Begin PBXSourcesBuildPhase section */
		71E87B4814CF588C008A73E3 /* Sources */ = {
			isa = PBXSourcesBuildPhase;
			buildActionMask = 2147483647;
			files = (
				71E87B7414CF588C008A73E3 /* main.m in Sources */,
				71E87BA014CF5977008A73E3 /* EmailComposer.m in Sources */,
				71E87BAB14CF597D008A73E3 /* ChildBrowserCommand.m in Sources */,
				71E87BAC14CF597D008A73E3 /* ChildBrowserViewController.m in Sources */,
				71E87BB214CF5984008A73E3 /* NativeControls.m in Sources */,
				7141DC7414DD7B76000F6E60 /* AppDelegate.m in Sources */,
				7141DC7514DD7B76000F6E60 /* MainViewController.m in Sources */,
			);
			runOnlyForDeploymentPostprocessing = 0;
		};
		71E87B4B14CF588C008A73E3 /* Sources */ = {
			isa = PBXSourcesBuildPhase;
			buildActionMask = 2147483647;
			files = (
			);
			runOnlyForDeploymentPostprocessing = 0;
		};
/* End PBXSourcesBuildPhase section */

/* Begin PBXVariantGroup section */
		71E87B7014CF588C008A73E3 /* InfoPlist.strings */ = {
			isa = PBXVariantGroup;
			children = (
				71E87B7114CF588C008A73E3 /* en */,
			);
			name = InfoPlist.strings;
			sourceTree = "<group>";
		};
		71E87B7A14CF588C008A73E3 /* Localizable.strings */ = {
			isa = PBXVariantGroup;
			children = (
				71E87B7B14CF588C008A73E3 /* en */,
			);
			name = Localizable.strings;
			sourceTree = "<group>";
		};
		71E87B7E14CF588C008A73E3 /* Localizable.strings */ = {
			isa = PBXVariantGroup;
			children = (
				71E87B7F14CF588C008A73E3 /* es */,
			);
			name = Localizable.strings;
			sourceTree = "<group>";
		};
/* End PBXVariantGroup section */

/* Begin XCBuildConfiguration section */
		71E87B9714CF588C008A73E3 /* Debug */ = {
			isa = XCBuildConfiguration;
			buildSettings = {
				ALWAYS_SEARCH_USER_PATHS = NO;
				ARCHS = "$(ARCHS_STANDARD_32_BIT)";
				"CODE_SIGN_IDENTITY[sdk=iphoneos*]" = "iPhone Developer";
				COPY_PHASE_STRIP = NO;
				GCC_C_LANGUAGE_STANDARD = gnu99;
				GCC_DYNAMIC_NO_PIC = NO;
				GCC_OPTIMIZATION_LEVEL = 0;
				GCC_PREPROCESSOR_DEFINITIONS = (
					"DEBUG=1",
					"$(inherited)",
				);
				GCC_SYMBOLS_PRIVATE_EXTERN = NO;
				GCC_VERSION = com.apple.compilers.llvmgcc42;
				GCC_WARN_ABOUT_MISSING_PROTOTYPES = YES;
				GCC_WARN_ABOUT_RETURN_TYPE = YES;
				GCC_WARN_UNUSED_VARIABLE = YES;
				IPHONEOS_DEPLOYMENT_TARGET = 3.0;
				SDKROOT = iphoneos;
			};
			name = Debug;
		};
		71E87B9814CF588C008A73E3 /* Release */ = {
			isa = XCBuildConfiguration;
			buildSettings = {
				ALWAYS_SEARCH_USER_PATHS = NO;
				ARCHS = "$(ARCHS_STANDARD_32_BIT)";
				"CODE_SIGN_IDENTITY[sdk=iphoneos*]" = "iPhone Developer";
				COPY_PHASE_STRIP = YES;
				GCC_C_LANGUAGE_STANDARD = gnu99;
				GCC_VERSION = com.apple.compilers.llvmgcc42;
				GCC_WARN_ABOUT_MISSING_PROTOTYPES = YES;
				GCC_WARN_ABOUT_RETURN_TYPE = YES;
				GCC_WARN_UNUSED_VARIABLE = YES;
				IPHONEOS_DEPLOYMENT_TARGET = 3.0;
				SDKROOT = iphoneos;
				VALIDATE_PRODUCT = YES;
			};
			name = Release;
		};
		71E87B9A14CF588C008A73E3 /* Debug */ = {
			isa = XCBuildConfiguration;
			buildSettings = {
				ALWAYS_SEARCH_USER_PATHS = YES;
				COPY_PHASE_STRIP = NO;
				FRAMEWORK_SEARCH_PATHS = /Users/Shared/PhoneGap/Frameworks;
				GCC_DYNAMIC_NO_PIC = NO;
				GCC_PRECOMPILE_PREFIX_HEADER = YES;
				GCC_PREFIX_HEADER = "BooneTransit/BooneTransit-Prefix.pch";
				GCC_PREPROCESSOR_DEFINITIONS = "PHONEGAP_FRAMEWORK=YES";
				INFOPLIST_FILE = "BooneTransit/BooneTransit-Info.plist";
				OTHER_LDFLAGS = (
					"-weak_framework",
					UIKit,
					"-weak_framework",
					AVFoundation,
					"-weak_framework",
					CoreMedia,
					"-weak_library",
					/usr/lib/libSystem.B.dylib,
				);
				PRODUCT_NAME = "$(TARGET_NAME)";
				TARGETED_DEVICE_FAMILY = "1,2";
				WRAPPER_EXTENSION = app;
			};
			name = Debug;
		};
		71E87B9B14CF588C008A73E3 /* Release */ = {
			isa = XCBuildConfiguration;
			buildSettings = {
				ALWAYS_SEARCH_USER_PATHS = YES;
				COPY_PHASE_STRIP = YES;
				DEBUG_INFORMATION_FORMAT = "dwarf-with-dsym";
				FRAMEWORK_SEARCH_PATHS = /Users/Shared/PhoneGap/Frameworks;
				GCC_PRECOMPILE_PREFIX_HEADER = YES;
				GCC_PREFIX_HEADER = "BooneTransit/BooneTransit-Prefix.pch";
				GCC_PREPROCESSOR_DEFINITIONS = "PHONEGAP_FRAMEWORK=YES";
				INFOPLIST_FILE = "BooneTransit/BooneTransit-Info.plist";
				OTHER_LDFLAGS = (
					"-weak_framework",
					UIKit,
					"-weak_framework",
					AVFoundation,
					"-weak_framework",
					CoreMedia,
					"-weak_library",
					/usr/lib/libSystem.B.dylib,
				);
				PRODUCT_NAME = "$(TARGET_NAME)";
				TARGETED_DEVICE_FAMILY = "1,2";
				VALIDATE_PRODUCT = YES;
				WRAPPER_EXTENSION = app;
			};
			name = Release;
		};
/* End XCBuildConfiguration section */

/* Begin XCConfigurationList section */
		71E87B4614CF588B008A73E3 /* Build configuration list for PBXProject "BooneTransit" */ = {
			isa = XCConfigurationList;
			buildConfigurations = (
				71E87B9714CF588C008A73E3 /* Debug */,
				71E87B9814CF588C008A73E3 /* Release */,
			);
			defaultConfigurationIsVisible = 0;
			defaultConfigurationName = Release;
		};
		71E87B9914CF588C008A73E3 /* Build configuration list for PBXNativeTarget "BooneTransit" */ = {
			isa = XCConfigurationList;
			buildConfigurations = (
				71E87B9A14CF588C008A73E3 /* Debug */,
				71E87B9B14CF588C008A73E3 /* Release */,
			);
			defaultConfigurationIsVisible = 0;
			defaultConfigurationName = Release;
		};
/* End XCConfigurationList section */
	};
	rootObject = 71E87B4314CF588B008A73E3 /* Project object */;
}
