// !$*UTF8*$!
{
	archiveVersion = 1;
	classes = {
	};
	objectVersion = 46;
	objects = {

/* Begin PBXBuildFile section */
		713B5FF41423E40D00448C1E /* NativeControls.m in Sources */ = {isa = PBXBuildFile; fileRef = 713B5FF31423E40D00448C1E /* NativeControls.m */; };
		713B5FF81423E41700448C1E /* EmailComposer.m in Sources */ = {isa = PBXBuildFile; fileRef = 713B5FF71423E41700448C1E /* EmailComposer.m */; };
		717BAC4F1423C69500470407 /* www in Resources */ = {isa = PBXBuildFile; fileRef = 717BAC4E1423C69500470407 /* www */; };
		71A2BD8B14238D0D002A1BA4 /* Foundation.framework in Frameworks */ = {isa = PBXBuildFile; fileRef = 71A2BD8A14238D0D002A1BA4 /* Foundation.framework */; };
		71A2BD8D14238D0D002A1BA4 /* UIKit.framework in Frameworks */ = {isa = PBXBuildFile; fileRef = 71A2BD8C14238D0D002A1BA4 /* UIKit.framework */; settings = {ATTRIBUTES = (Weak, ); }; };
		71A2BD8F14238D0D002A1BA4 /* CoreGraphics.framework in Frameworks */ = {isa = PBXBuildFile; fileRef = 71A2BD8E14238D0D002A1BA4 /* CoreGraphics.framework */; };
		71A2BD9114238D0D002A1BA4 /* AddressBook.framework in Frameworks */ = {isa = PBXBuildFile; fileRef = 71A2BD9014238D0D002A1BA4 /* AddressBook.framework */; };
		71A2BD9314238D0D002A1BA4 /* AddressBookUI.framework in Frameworks */ = {isa = PBXBuildFile; fileRef = 71A2BD9214238D0D002A1BA4 /* AddressBookUI.framework */; };
		71A2BD9514238D0D002A1BA4 /* AudioToolbox.framework in Frameworks */ = {isa = PBXBuildFile; fileRef = 71A2BD9414238D0D002A1BA4 /* AudioToolbox.framework */; };
		71A2BD9714238D0D002A1BA4 /* AVFoundation.framework in Frameworks */ = {isa = PBXBuildFile; fileRef = 71A2BD9614238D0D002A1BA4 /* AVFoundation.framework */; settings = {ATTRIBUTES = (Weak, ); }; };
		71A2BD9914238D0D002A1BA4 /* CoreLocation.framework in Frameworks */ = {isa = PBXBuildFile; fileRef = 71A2BD9814238D0D002A1BA4 /* CoreLocation.framework */; };
		71A2BD9B14238D0D002A1BA4 /* MediaPlayer.framework in Frameworks */ = {isa = PBXBuildFile; fileRef = 71A2BD9A14238D0D002A1BA4 /* MediaPlayer.framework */; };
		71A2BD9D14238D0D002A1BA4 /* QuartzCore.framework in Frameworks */ = {isa = PBXBuildFile; fileRef = 71A2BD9C14238D0D002A1BA4 /* QuartzCore.framework */; };
		71A2BD9F14238D0D002A1BA4 /* SystemConfiguration.framework in Frameworks */ = {isa = PBXBuildFile; fileRef = 71A2BD9E14238D0D002A1BA4 /* SystemConfiguration.framework */; };
		71A2BDA114238D0D002A1BA4 /* MobileCoreServices.framework in Frameworks */ = {isa = PBXBuildFile; fileRef = 71A2BDA014238D0D002A1BA4 /* MobileCoreServices.framework */; };
		71A2BDA314238D0D002A1BA4 /* CoreMedia.framework in Frameworks */ = {isa = PBXBuildFile; fileRef = 71A2BDA214238D0D002A1BA4 /* CoreMedia.framework */; settings = {ATTRIBUTES = (Weak, ); }; };
		71A2BDA914238D0D002A1BA4 /* InfoPlist.strings in Resources */ = {isa = PBXBuildFile; fileRef = 71A2BDA714238D0D002A1BA4 /* InfoPlist.strings */; };
		71A2BDAC14238D0D002A1BA4 /* main.m in Sources */ = {isa = PBXBuildFile; fileRef = 71A2BDAB14238D0D002A1BA4 /* main.m */; };
		71A2BDAE14238D0D002A1BA4 /* PhoneGap.framework in Frameworks */ = {isa = PBXBuildFile; fileRef = 71A2BDAD14238D0D002A1BA4 /* PhoneGap.framework */; };
		71A2BDB314238D0D002A1BA4 /* Localizable.strings in Resources */ = {isa = PBXBuildFile; fileRef = 71A2BDB114238D0D002A1BA4 /* Localizable.strings */; };
		71A2BDB714238D0D002A1BA4 /* Localizable.strings in Resources */ = {isa = PBXBuildFile; fileRef = 71A2BDB514238D0D002A1BA4 /* Localizable.strings */; };
		71A2BDBA14238D0D002A1BA4 /* icon.png in Resources */ = {isa = PBXBuildFile; fileRef = 71A2BDB914238D0D002A1BA4 /* icon.png */; };
		71A2BDBC14238D0D002A1BA4 /* icon@2x.png in Resources */ = {isa = PBXBuildFile; fileRef = 71A2BDBB14238D0D002A1BA4 /* icon@2x.png */; };
		71A2BDBE14238D0D002A1BA4 /* icon-72.png in Resources */ = {isa = PBXBuildFile; fileRef = 71A2BDBD14238D0D002A1BA4 /* icon-72.png */; };
		71A2BDC114238D0D002A1BA4 /* Default.png in Resources */ = {isa = PBXBuildFile; fileRef = 71A2BDC014238D0D002A1BA4 /* Default.png */; };
		71A2BDC314238D0D002A1BA4 /* Default@2x.png in Resources */ = {isa = PBXBuildFile; fileRef = 71A2BDC214238D0D002A1BA4 /* Default@2x.png */; };
		71A2BDC514238D0D002A1BA4 /* Capture.bundle in Resources */ = {isa = PBXBuildFile; fileRef = 71A2BDC414238D0D002A1BA4 /* Capture.bundle */; };
		71A2BDC714238D0D002A1BA4 /* PhoneGap.plist in Resources */ = {isa = PBXBuildFile; fileRef = 71A2BDC614238D0D002A1BA4 /* PhoneGap.plist */; };
		71A2BDCB14238D0D002A1BA4 /* AppDelegate.m in Sources */ = {isa = PBXBuildFile; fileRef = 71A2BDCA14238D0D002A1BA4 /* AppDelegate.m */; };
		71A2BF0814239090002A1BA4 /* MessageUI.framework in Frameworks */ = {isa = PBXBuildFile; fileRef = 71A2BF0714239090002A1BA4 /* MessageUI.framework */; };
/* End PBXBuildFile section */

/* Begin PBXFileReference section */
		713B5FF21423E40D00448C1E /* NativeControls.h */ = {isa = PBXFileReference; fileEncoding = 4; lastKnownFileType = sourcecode.c.h; path = NativeControls.h; sourceTree = "<group>"; };
		713B5FF31423E40D00448C1E /* NativeControls.m */ = {isa = PBXFileReference; fileEncoding = 4; lastKnownFileType = sourcecode.c.objc; path = NativeControls.m; sourceTree = "<group>"; };
		713B5FF61423E41700448C1E /* EmailComposer.h */ = {isa = PBXFileReference; fileEncoding = 4; lastKnownFileType = sourcecode.c.h; path = EmailComposer.h; sourceTree = "<group>"; };
		713B5FF71423E41700448C1E /* EmailComposer.m */ = {isa = PBXFileReference; fileEncoding = 4; lastKnownFileType = sourcecode.c.objc; path = EmailComposer.m; sourceTree = "<group>"; };
		717BAC4E1423C69500470407 /* www */ = {isa = PBXFileReference; lastKnownFileType = folder; path = www; sourceTree = "<group>"; };
		71A2BD8614238D0D002A1BA4 /* BooneTransit.app */ = {isa = PBXFileReference; explicitFileType = wrapper.application; includeInIndex = 0; path = BooneTransit.app; sourceTree = BUILT_PRODUCTS_DIR; };
		71A2BD8A14238D0D002A1BA4 /* Foundation.framework */ = {isa = PBXFileReference; lastKnownFileType = wrapper.framework; name = Foundation.framework; path = System/Library/Frameworks/Foundation.framework; sourceTree = SDKROOT; };
		71A2BD8C14238D0D002A1BA4 /* UIKit.framework */ = {isa = PBXFileReference; lastKnownFileType = wrapper.framework; name = UIKit.framework; path = System/Library/Frameworks/UIKit.framework; sourceTree = SDKROOT; };
		71A2BD8E14238D0D002A1BA4 /* CoreGraphics.framework */ = {isa = PBXFileReference; lastKnownFileType = wrapper.framework; name = CoreGraphics.framework; path = System/Library/Frameworks/CoreGraphics.framework; sourceTree = SDKROOT; };
		71A2BD9014238D0D002A1BA4 /* AddressBook.framework */ = {isa = PBXFileReference; lastKnownFileType = wrapper.framework; name = AddressBook.framework; path = System/Library/Frameworks/AddressBook.framework; sourceTree = SDKROOT; };
		71A2BD9214238D0D002A1BA4 /* AddressBookUI.framework */ = {isa = PBXFileReference; lastKnownFileType = wrapper.framework; name = AddressBookUI.framework; path = System/Library/Frameworks/AddressBookUI.framework; sourceTree = SDKROOT; };
		71A2BD9414238D0D002A1BA4 /* AudioToolbox.framework */ = {isa = PBXFileReference; lastKnownFileType = wrapper.framework; name = AudioToolbox.framework; path = System/Library/Frameworks/AudioToolbox.framework; sourceTree = SDKROOT; };
		71A2BD9614238D0D002A1BA4 /* AVFoundation.framework */ = {isa = PBXFileReference; lastKnownFileType = wrapper.framework; name = AVFoundation.framework; path = System/Library/Frameworks/AVFoundation.framework; sourceTree = SDKROOT; };
		71A2BD9814238D0D002A1BA4 /* CoreLocation.framework */ = {isa = PBXFileReference; lastKnownFileType = wrapper.framework; name = CoreLocation.framework; path = System/Library/Frameworks/CoreLocation.framework; sourceTree = SDKROOT; };
		71A2BD9A14238D0D002A1BA4 /* MediaPlayer.framework */ = {isa = PBXFileReference; lastKnownFileType = wrapper.framework; name = MediaPlayer.framework; path = System/Library/Frameworks/MediaPlayer.framework; sourceTree = SDKROOT; };
		71A2BD9C14238D0D002A1BA4 /* QuartzCore.framework */ = {isa = PBXFileReference; lastKnownFileType = wrapper.framework; name = QuartzCore.framework; path = System/Library/Frameworks/QuartzCore.framework; sourceTree = SDKROOT; };
		71A2BD9E14238D0D002A1BA4 /* SystemConfiguration.framework */ = {isa = PBXFileReference; lastKnownFileType = wrapper.framework; name = SystemConfiguration.framework; path = System/Library/Frameworks/SystemConfiguration.framework; sourceTree = SDKROOT; };
		71A2BDA014238D0D002A1BA4 /* MobileCoreServices.framework */ = {isa = PBXFileReference; lastKnownFileType = wrapper.framework; name = MobileCoreServices.framework; path = System/Library/Frameworks/MobileCoreServices.framework; sourceTree = SDKROOT; };
		71A2BDA214238D0D002A1BA4 /* CoreMedia.framework */ = {isa = PBXFileReference; lastKnownFileType = wrapper.framework; name = CoreMedia.framework; path = System/Library/Frameworks/CoreMedia.framework; sourceTree = SDKROOT; };
		71A2BDA614238D0D002A1BA4 /* BooneTransit-Info.plist */ = {isa = PBXFileReference; lastKnownFileType = text.plist.xml; path = "BooneTransit-Info.plist"; sourceTree = "<group>"; };
		71A2BDA814238D0D002A1BA4 /* en */ = {isa = PBXFileReference; lastKnownFileType = text.plist.strings; name = en; path = en.lproj/InfoPlist.strings; sourceTree = "<group>"; };
		71A2BDAA14238D0D002A1BA4 /* BooneTransit-Prefix.pch */ = {isa = PBXFileReference; lastKnownFileType = sourcecode.c.h; path = "BooneTransit-Prefix.pch"; sourceTree = "<group>"; };
		71A2BDAB14238D0D002A1BA4 /* main.m */ = {isa = PBXFileReference; lastKnownFileType = sourcecode.c.objc; path = main.m; sourceTree = "<group>"; };
		71A2BDAD14238D0D002A1BA4 /* PhoneGap.framework */ = {isa = PBXFileReference; lastKnownFileType = wrapper.framework; name = PhoneGap.framework; path = /Users/Shared/PhoneGap/Frameworks/PhoneGap.framework; sourceTree = "<absolute>"; };
		71A2BDB214238D0D002A1BA4 /* en */ = {isa = PBXFileReference; lastKnownFileType = text.plist.strings; name = en; path = Resources/en.lproj/Localizable.strings; sourceTree = "<group>"; };
		71A2BDB614238D0D002A1BA4 /* es */ = {isa = PBXFileReference; lastKnownFileType = text.plist.strings; name = es; path = Resources/es.lproj/Localizable.strings; sourceTree = "<group>"; };
		71A2BDB914238D0D002A1BA4 /* icon.png */ = {isa = PBXFileReference; lastKnownFileType = image.png; name = icon.png; path = Resources/icons/icon.png; sourceTree = "<group>"; };
		71A2BDBB14238D0D002A1BA4 /* icon@2x.png */ = {isa = PBXFileReference; lastKnownFileType = image.png; name = "icon@2x.png"; path = "Resources/icons/icon@2x.png"; sourceTree = "<group>"; };
		71A2BDBD14238D0D002A1BA4 /* icon-72.png */ = {isa = PBXFileReference; lastKnownFileType = image.png; name = "icon-72.png"; path = "Resources/icons/icon-72.png"; sourceTree = "<group>"; };
		71A2BDC014238D0D002A1BA4 /* Default.png */ = {isa = PBXFileReference; lastKnownFileType = image.png; name = Default.png; path = Resources/splash/Default.png; sourceTree = "<group>"; };
		71A2BDC214238D0D002A1BA4 /* Default@2x.png */ = {isa = PBXFileReference; lastKnownFileType = image.png; name = "Default@2x.png"; path = "Resources/splash/Default@2x.png"; sourceTree = "<group>"; };
		71A2BDC414238D0D002A1BA4 /* Capture.bundle */ = {isa = PBXFileReference; lastKnownFileType = "wrapper.plug-in"; name = Capture.bundle; path = Resources/Capture.bundle; sourceTree = "<group>"; };
		71A2BDC614238D0D002A1BA4 /* PhoneGap.plist */ = {isa = PBXFileReference; lastKnownFileType = text.plist.xml; path = PhoneGap.plist; sourceTree = "<group>"; };
		71A2BDC914238D0D002A1BA4 /* AppDelegate.h */ = {isa = PBXFileReference; lastKnownFileType = sourcecode.c.h; name = AppDelegate.h; path = Classes/AppDelegate.h; sourceTree = "<group>"; };
		71A2BDCA14238D0D002A1BA4 /* AppDelegate.m */ = {isa = PBXFileReference; lastKnownFileType = sourcecode.c.objc; name = AppDelegate.m; path = Classes/AppDelegate.m; sourceTree = "<group>"; };
		71A2BDCD14238D0D002A1BA4 /* README */ = {isa = PBXFileReference; lastKnownFileType = text; name = README; path = Plugins/README; sourceTree = "<group>"; };
		71A2BF0714239090002A1BA4 /* MessageUI.framework */ = {isa = PBXFileReference; lastKnownFileType = wrapper.framework; name = MessageUI.framework; path = System/Library/Frameworks/MessageUI.framework; sourceTree = SDKROOT; };
		71A2BF0914239347002A1BA4 /* CoreMedia.framework */ = {isa = PBXFileReference; lastKnownFileType = wrapper.framework; name = CoreMedia.framework; path = System/Library/Frameworks/CoreMedia.framework; sourceTree = SDKROOT; };
/* End PBXFileReference section */

/* Begin PBXFrameworksBuildPhase section */
		71A2BD8014238D0D002A1BA4 /* Frameworks */ = {
			isa = PBXFrameworksBuildPhase;
			buildActionMask = 2147483647;
			files = (
				71A2BDA314238D0D002A1BA4 /* CoreMedia.framework in Frameworks */,
				71A2BF0814239090002A1BA4 /* MessageUI.framework in Frameworks */,
				71A2BD8B14238D0D002A1BA4 /* Foundation.framework in Frameworks */,
				71A2BD8D14238D0D002A1BA4 /* UIKit.framework in Frameworks */,
				71A2BD8F14238D0D002A1BA4 /* CoreGraphics.framework in Frameworks */,
				71A2BD9114238D0D002A1BA4 /* AddressBook.framework in Frameworks */,
				71A2BD9314238D0D002A1BA4 /* AddressBookUI.framework in Frameworks */,
				71A2BD9514238D0D002A1BA4 /* AudioToolbox.framework in Frameworks */,
				71A2BD9714238D0D002A1BA4 /* AVFoundation.framework in Frameworks */,
				71A2BD9914238D0D002A1BA4 /* CoreLocation.framework in Frameworks */,
				71A2BD9B14238D0D002A1BA4 /* MediaPlayer.framework in Frameworks */,
				71A2BD9D14238D0D002A1BA4 /* QuartzCore.framework in Frameworks */,
				71A2BD9F14238D0D002A1BA4 /* SystemConfiguration.framework in Frameworks */,
				71A2BDA114238D0D002A1BA4 /* MobileCoreServices.framework in Frameworks */,
				71A2BDAE14238D0D002A1BA4 /* PhoneGap.framework in Frameworks */,
			);
			runOnlyForDeploymentPostprocessing = 0;
		};
		71A2BD8314238D0D002A1BA4 /* Frameworks */ = {
			isa = PBXFrameworksBuildPhase;
			buildActionMask = 2147483647;
			files = (
			);
			runOnlyForDeploymentPostprocessing = 0;
		};
/* End PBXFrameworksBuildPhase section */

/* Begin PBXGroup section */
		71A2BD7814238D0D002A1BA4 = {
			isa = PBXGroup;
			children = (
				717BAC4E1423C69500470407 /* www */,
				71A2BF0914239347002A1BA4 /* CoreMedia.framework */,
				71A2BDA414238D0D002A1BA4 /* BooneTransit */,
				71A2BD8914238D0D002A1BA4 /* Frameworks */,
				71A2BD8714238D0D002A1BA4 /* Products */,
			);
			sourceTree = "<group>";
		};
		71A2BD8714238D0D002A1BA4 /* Products */ = {
			isa = PBXGroup;
			children = (
				71A2BD8614238D0D002A1BA4 /* BooneTransit.app */,
			);
			name = Products;
			sourceTree = "<group>";
		};
		71A2BD8914238D0D002A1BA4 /* Frameworks */ = {
			isa = PBXGroup;
			children = (
				71A2BF0714239090002A1BA4 /* MessageUI.framework */,
				71A2BD8A14238D0D002A1BA4 /* Foundation.framework */,
				71A2BD8C14238D0D002A1BA4 /* UIKit.framework */,
				71A2BD8E14238D0D002A1BA4 /* CoreGraphics.framework */,
				71A2BD9014238D0D002A1BA4 /* AddressBook.framework */,
				71A2BD9214238D0D002A1BA4 /* AddressBookUI.framework */,
				71A2BD9414238D0D002A1BA4 /* AudioToolbox.framework */,
				71A2BD9614238D0D002A1BA4 /* AVFoundation.framework */,
				71A2BD9814238D0D002A1BA4 /* CoreLocation.framework */,
				71A2BD9A14238D0D002A1BA4 /* MediaPlayer.framework */,
				71A2BD9C14238D0D002A1BA4 /* QuartzCore.framework */,
				71A2BD9E14238D0D002A1BA4 /* SystemConfiguration.framework */,
				71A2BDA014238D0D002A1BA4 /* MobileCoreServices.framework */,
				71A2BDA214238D0D002A1BA4 /* CoreMedia.framework */,
			);
			name = Frameworks;
			sourceTree = "<group>";
		};
		71A2BDA414238D0D002A1BA4 /* BooneTransit */ = {
			isa = PBXGroup;
			children = (
				71A2BDAD14238D0D002A1BA4 /* PhoneGap.framework */,
				71A2BDAF14238D0D002A1BA4 /* Resources */,
				71A2BDC814238D0D002A1BA4 /* Classes */,
				71A2BDCC14238D0D002A1BA4 /* Plugins */,
				71A2BDA514238D0D002A1BA4 /* Supporting Files */,
			);
			path = BooneTransit;
			sourceTree = "<group>";
		};
		71A2BDA514238D0D002A1BA4 /* Supporting Files */ = {
			isa = PBXGroup;
			children = (
				71A2BDA614238D0D002A1BA4 /* BooneTransit-Info.plist */,
				71A2BDA714238D0D002A1BA4 /* InfoPlist.strings */,
				71A2BDAA14238D0D002A1BA4 /* BooneTransit-Prefix.pch */,
				71A2BDAB14238D0D002A1BA4 /* main.m */,
				71A2BDC614238D0D002A1BA4 /* PhoneGap.plist */,
			);
			name = "Supporting Files";
			sourceTree = "<group>";
		};
		71A2BDAF14238D0D002A1BA4 /* Resources */ = {
			isa = PBXGroup;
			children = (
				71A2BDC414238D0D002A1BA4 /* Capture.bundle */,
				71A2BDB014238D0D002A1BA4 /* en.lproj */,
				71A2BDB414238D0D002A1BA4 /* es.lproj */,
				71A2BDB814238D0D002A1BA4 /* icons */,
				71A2BDBF14238D0D002A1BA4 /* splash */,
			);
			name = Resources;
			sourceTree = "<group>";
		};
		71A2BDB014238D0D002A1BA4 /* en.lproj */ = {
			isa = PBXGroup;
			children = (
				71A2BDB114238D0D002A1BA4 /* Localizable.strings */,
			);
			name = en.lproj;
			sourceTree = "<group>";
		};
		71A2BDB414238D0D002A1BA4 /* es.lproj */ = {
			isa = PBXGroup;
			children = (
				71A2BDB514238D0D002A1BA4 /* Localizable.strings */,
			);
			name = es.lproj;
			sourceTree = "<group>";
		};
		71A2BDB814238D0D002A1BA4 /* icons */ = {
			isa = PBXGroup;
			children = (
				71A2BDB914238D0D002A1BA4 /* icon.png */,
				71A2BDBB14238D0D002A1BA4 /* icon@2x.png */,
				71A2BDBD14238D0D002A1BA4 /* icon-72.png */,
			);
			name = icons;
			sourceTree = "<group>";
		};
		71A2BDBF14238D0D002A1BA4 /* splash */ = {
			isa = PBXGroup;
			children = (
				71A2BDC014238D0D002A1BA4 /* Default.png */,
				71A2BDC214238D0D002A1BA4 /* Default@2x.png */,
			);
			name = splash;
			sourceTree = "<group>";
		};
		71A2BDC814238D0D002A1BA4 /* Classes */ = {
			isa = PBXGroup;
			children = (
				71A2BDC914238D0D002A1BA4 /* AppDelegate.h */,
				71A2BDCA14238D0D002A1BA4 /* AppDelegate.m */,
			);
			name = Classes;
			sourceTree = "<group>";
		};
		71A2BDCC14238D0D002A1BA4 /* Plugins */ = {
			isa = PBXGroup;
			children = (
				71A2BDCD14238D0D002A1BA4 /* README */,
				713B5FF61423E41700448C1E /* EmailComposer.h */,
				713B5FF71423E41700448C1E /* EmailComposer.m */,
				713B5FF21423E40D00448C1E /* NativeControls.h */,
				713B5FF31423E40D00448C1E /* NativeControls.m */,
			);
			name = Plugins;
			sourceTree = "<group>";
		};
/* End PBXGroup section */

/* Begin PBXNativeTarget section */
		71A2BD8514238D0D002A1BA4 /* BooneTransit */ = {
			isa = PBXNativeTarget;
			buildConfigurationList = 71A2BDD014238D0D002A1BA4 /* Build configuration list for PBXNativeTarget "BooneTransit" */;
			buildPhases = (
				71A2BD7F14238D0D002A1BA4 /* Sources */,
				71A2BD8014238D0D002A1BA4 /* Frameworks */,
				71A2BD8114238D0D002A1BA4 /* Resources */,
				71A2BD8214238D0D002A1BA4 /* Sources */,
				71A2BD8314238D0D002A1BA4 /* Frameworks */,
				71A2BD8414238D0D002A1BA4 /* ShellScript */,
			);
			buildRules = (
			);
			dependencies = (
			);
			name = BooneTransit;
			productName = BooneTransit;
			productReference = 71A2BD8614238D0D002A1BA4 /* BooneTransit.app */;
			productType = "com.apple.product-type.application";
		};
/* End PBXNativeTarget section */

/* Begin PBXProject section */
		71A2BD7A14238D0D002A1BA4 /* Project object */ = {
			isa = PBXProject;
			attributes = {
				ORGANIZATIONNAME = openMindShare;
			};
			buildConfigurationList = 71A2BD7D14238D0D002A1BA4 /* Build configuration list for PBXProject "BooneTransit" */;
			compatibilityVersion = "Xcode 3.2";
			developmentRegion = English;
			hasScannedForEncodings = 0;
			knownRegions = (
				en,
				es,
			);
			mainGroup = 71A2BD7814238D0D002A1BA4;
			productRefGroup = 71A2BD8714238D0D002A1BA4 /* Products */;
			projectDirPath = "";
			projectRoot = "";
			targets = (
				71A2BD8514238D0D002A1BA4 /* BooneTransit */,
			);
		};
/* End PBXProject section */

/* Begin PBXResourcesBuildPhase section */
		71A2BD8114238D0D002A1BA4 /* Resources */ = {
			isa = PBXResourcesBuildPhase;
			buildActionMask = 2147483647;
			files = (
				71A2BDA914238D0D002A1BA4 /* InfoPlist.strings in Resources */,
				71A2BDB314238D0D002A1BA4 /* Localizable.strings in Resources */,
				71A2BDB714238D0D002A1BA4 /* Localizable.strings in Resources */,
				71A2BDBA14238D0D002A1BA4 /* icon.png in Resources */,
				71A2BDBC14238D0D002A1BA4 /* icon@2x.png in Resources */,
				71A2BDBE14238D0D002A1BA4 /* icon-72.png in Resources */,
				71A2BDC114238D0D002A1BA4 /* Default.png in Resources */,
				71A2BDC314238D0D002A1BA4 /* Default@2x.png in Resources */,
				71A2BDC514238D0D002A1BA4 /* Capture.bundle in Resources */,
				71A2BDC714238D0D002A1BA4 /* PhoneGap.plist in Resources */,
				717BAC4F1423C69500470407 /* www in Resources */,
			);
			runOnlyForDeploymentPostprocessing = 0;
		};
/* End PBXResourcesBuildPhase section */

/* Begin PBXShellScriptBuildPhase section */
		71A2BD8414238D0D002A1BA4 /* ShellScript */ = {
			isa = PBXShellScriptBuildPhase;
			buildActionMask = 2147483647;
			files = (
			);
			inputPaths = (
			);
			outputPaths = (
			);
			runOnlyForDeploymentPostprocessing = 0;
			shellPath = /bin/bash;
			shellScript = "\n\t\t\t\t\t\t\t\tif [ ! -d \"$PROJECT_DIR/www\" ] ; then\n\t\t\t\t\t\t\t\t\tcp -R /Users/Shared/PhoneGap/Frameworks/PhoneGap.framework/www \"$PROJECT_DIR\"\n\t\t\t\t\t\t\t\tfi\n\t\t\t\t\t\t\t\t# detect www folder reference in project, if missing, print warning\n\t\t\t\t\t\t\t\tgrep \"{isa = PBXFileReference; lastKnownFileType = folder; path = www; sourceTree = \\\"<group>\\\"; };\" \"$PROJECT_DIR/$PROJECT_NAME.xcodeproj/project.pbxproj\"\n\t\t\t\t\t\t\t\trc=$? \n\t\t\t\t\t\t\t\tif [ $rc != 0 ] ; then\n\t\t\t\t\t\t\t\techo -e \"warning: Missing - Add $PROJECT_DIR/www as a folder reference in your project. Just drag and drop the folder into your project, in Xcode 4.\" 1>&2\n\t\t\t\t\t\t\t\tfi\t\t\t\t\t\t\t";
		};
/* End PBXShellScriptBuildPhase section */

/* Begin PBXSourcesBuildPhase section */
		71A2BD7F14238D0D002A1BA4 /* Sources */ = {
			isa = PBXSourcesBuildPhase;
			buildActionMask = 2147483647;
			files = (
				71A2BDAC14238D0D002A1BA4 /* main.m in Sources */,
				71A2BDCB14238D0D002A1BA4 /* AppDelegate.m in Sources */,
				713B5FF41423E40D00448C1E /* NativeControls.m in Sources */,
				713B5FF81423E41700448C1E /* EmailComposer.m in Sources */,
			);
			runOnlyForDeploymentPostprocessing = 0;
		};
		71A2BD8214238D0D002A1BA4 /* Sources */ = {
			isa = PBXSourcesBuildPhase;
			buildActionMask = 2147483647;
			files = (
			);
			runOnlyForDeploymentPostprocessing = 0;
		};
/* End PBXSourcesBuildPhase section */

/* Begin PBXVariantGroup section */
		71A2BDA714238D0D002A1BA4 /* InfoPlist.strings */ = {
			isa = PBXVariantGroup;
			children = (
				71A2BDA814238D0D002A1BA4 /* en */,
			);
			name = InfoPlist.strings;
			sourceTree = "<group>";
		};
		71A2BDB114238D0D002A1BA4 /* Localizable.strings */ = {
			isa = PBXVariantGroup;
			children = (
				71A2BDB214238D0D002A1BA4 /* en */,
			);
			name = Localizable.strings;
			sourceTree = "<group>";
		};
		71A2BDB514238D0D002A1BA4 /* Localizable.strings */ = {
			isa = PBXVariantGroup;
			children = (
				71A2BDB614238D0D002A1BA4 /* es */,
			);
			name = Localizable.strings;
			sourceTree = "<group>";
		};
/* End PBXVariantGroup section */

/* Begin XCBuildConfiguration section */
		71A2BDCE14238D0D002A1BA4 /* Debug */ = {
			isa = XCBuildConfiguration;
			buildSettings = {
				ARCHS = "$(ARCHS_STANDARD_32_BIT)";
				"CODE_SIGN_IDENTITY[sdk=iphoneos*]" = "iPhone Developer";
				GCC_C_LANGUAGE_STANDARD = gnu99;
				GCC_OPTIMIZATION_LEVEL = 0;
				GCC_PREPROCESSOR_DEFINITIONS = DEBUG;
				GCC_SYMBOLS_PRIVATE_EXTERN = NO;
				GCC_VERSION = com.apple.compilers.llvmgcc42;
				GCC_WARN_ABOUT_RETURN_TYPE = YES;
				GCC_WARN_UNUSED_VARIABLE = YES;
				IPHONEOS_DEPLOYMENT_TARGET = 3.1;
				SDKROOT = iphoneos;
			};
			name = Debug;
		};
		71A2BDCF14238D0D002A1BA4 /* Release */ = {
			isa = XCBuildConfiguration;
			buildSettings = {
				ARCHS = "$(ARCHS_STANDARD_32_BIT)";
				"CODE_SIGN_IDENTITY[sdk=iphoneos*]" = "iPhone Developer";
				GCC_C_LANGUAGE_STANDARD = gnu99;
				GCC_VERSION = com.apple.compilers.llvmgcc42;
				GCC_WARN_ABOUT_RETURN_TYPE = YES;
				GCC_WARN_UNUSED_VARIABLE = YES;
				IPHONEOS_DEPLOYMENT_TARGET = 3.1;
				SDKROOT = iphoneos;
			};
			name = Release;
		};
		71A2BDD114238D0D002A1BA4 /* Debug */ = {
			isa = XCBuildConfiguration;
			buildSettings = {
				ALWAYS_SEARCH_USER_PATHS = YES;
				COPY_PHASE_STRIP = NO;
				FRAMEWORK_SEARCH_PATHS = /Users/Shared/PhoneGap/Frameworks;
				GCC_DYNAMIC_NO_PIC = NO;
				GCC_PRECOMPILE_PREFIX_HEADER = YES;
				GCC_PREFIX_HEADER = "BooneTransit/BooneTransit-Prefix.pch";
				GCC_PREPROCESSOR_DEFINITIONS = "PHONEGAP_FRAMEWORK=YES";
				INFOPLIST_FILE = "BooneTransit/BooneTransit-Info.plist";
				PRODUCT_NAME = "$(TARGET_NAME)";
				WRAPPER_EXTENSION = app;
			};
			name = Debug;
		};
		71A2BDD214238D0D002A1BA4 /* Release */ = {
			isa = XCBuildConfiguration;
			buildSettings = {
				ALWAYS_SEARCH_USER_PATHS = YES;
				COPY_PHASE_STRIP = YES;
				DEBUG_INFORMATION_FORMAT = "dwarf-with-dsym";
				FRAMEWORK_SEARCH_PATHS = /Users/Shared/PhoneGap/Frameworks;
				GCC_PRECOMPILE_PREFIX_HEADER = YES;
				GCC_PREFIX_HEADER = "BooneTransit/BooneTransit-Prefix.pch";
				GCC_PREPROCESSOR_DEFINITIONS = "PHONEGAP_FRAMEWORK=YES";
				INFOPLIST_FILE = "BooneTransit/BooneTransit-Info.plist";
				PRODUCT_NAME = "$(TARGET_NAME)";
				VALIDATE_PRODUCT = YES;
				WRAPPER_EXTENSION = app;
			};
			name = Release;
		};
/* End XCBuildConfiguration section */

/* Begin XCConfigurationList section */
		71A2BD7D14238D0D002A1BA4 /* Build configuration list for PBXProject "BooneTransit" */ = {
			isa = XCConfigurationList;
			buildConfigurations = (
				71A2BDCE14238D0D002A1BA4 /* Debug */,
				71A2BDCF14238D0D002A1BA4 /* Release */,
			);
			defaultConfigurationIsVisible = 0;
			defaultConfigurationName = Release;
		};
		71A2BDD014238D0D002A1BA4 /* Build configuration list for PBXNativeTarget "BooneTransit" */ = {
			isa = XCConfigurationList;
			buildConfigurations = (
				71A2BDD114238D0D002A1BA4 /* Debug */,
				71A2BDD214238D0D002A1BA4 /* Release */,
			);
			defaultConfigurationIsVisible = 0;
			defaultConfigurationName = Release;
		};
/* End XCConfigurationList section */
	};
	rootObject = 71A2BD7A14238D0D002A1BA4 /* Project object */;
}
